// !$*UTF8*$!
{
	archiveVersion = 1;
	classes = {
	};
	objectVersion = 56;
	objects = {

/* Begin PBXBuildFile section */
		385A81532A80968F00A8D72C /* AppDelegate.swift in Sources */ = {isa = PBXBuildFile; fileRef = 385A81522A80968F00A8D72C /* AppDelegate.swift */; };
		385A81552A80968F00A8D72C /* SceneDelegate.swift in Sources */ = {isa = PBXBuildFile; fileRef = 385A81542A80968F00A8D72C /* SceneDelegate.swift */; };
		385A81572A80968F00A8D72C /* ViewController.swift in Sources */ = {isa = PBXBuildFile; fileRef = 385A81562A80968F00A8D72C /* ViewController.swift */; };
		385A815A2A80968F00A8D72C /* Main.storyboard in Resources */ = {isa = PBXBuildFile; fileRef = 385A81582A80968F00A8D72C /* Main.storyboard */; };
		385A815C2A80969000A8D72C /* Assets.xcassets in Resources */ = {isa = PBXBuildFile; fileRef = 385A815B2A80969000A8D72C /* Assets.xcassets */; };
		385A815F2A80969000A8D72C /* LaunchScreen.storyboard in Resources */ = {isa = PBXBuildFile; fileRef = 385A815D2A80969000A8D72C /* LaunchScreen.storyboard */; };
		385A81682A8096AE00A8D72C /* Alamofire in Frameworks */ = {isa = PBXBuildFile; productRef = 385A81672A8096AE00A8D72C /* Alamofire */; };
		385A816B2A8096B900A8D72C /* Kingfisher in Frameworks */ = {isa = PBXBuildFile; productRef = 385A816A2A8096B900A8D72C /* Kingfisher */; };
		385A816E2A8096C500A8D72C /* SwiftyJSON in Frameworks */ = {isa = PBXBuildFile; productRef = 385A816D2A8096C500A8D72C /* SwiftyJSON */; };
		385A81732A809BAD00A8D72C /* .gitignore in Resources */ = {isa = PBXBuildFile; fileRef = 385A81722A809BAD00A8D72C /* .gitignore */; };
		385A81792A809C9000A8D72C /* APIKey.swift in Sources */ = {isa = PBXBuildFile; fileRef = 385A81782A809C9000A8D72C /* APIKey.swift */; };
		385A818B2A81C4C900A8D72C /* WeatherViewController.swift in Sources */ = {isa = PBXBuildFile; fileRef = 385A818A2A81C4C900A8D72C /* WeatherViewController.swift */; };
		385A818D2A81E79400A8D72C /* VideoViewController.swift in Sources */ = {isa = PBXBuildFile; fileRef = 385A818C2A81E79400A8D72C /* VideoViewController.swift */; };
		38B800F22A84C14E0032C64C /* VideoTableViewCell.swift in Sources */ = {isa = PBXBuildFile; fileRef = 38B800F12A84C14E0032C64C /* VideoTableViewCell.swift */; };
		38EAF3062A84768700A96C51 /* TranslationViewController.swift in Sources */ = {isa = PBXBuildFile; fileRef = 38EAF3052A84768700A96C51 /* TranslationViewController.swift */; };
		38F512C92A85BAA600389F6D /* ReusableViewProtocol.swift in Sources */ = {isa = PBXBuildFile; fileRef = 38F512C82A85BAA600389F6D /* ReusableViewProtocol.swift */; };
		38F512CB2A85BCFF00389F6D /* UserDefaultsHelper.swift in Sources */ = {isa = PBXBuildFile; fileRef = 38F512CA2A85BCFF00389F6D /* UserDefaultsHelper.swift */; };
		38F512CD2A85C51400389F6D /* Endpoint.swift in Sources */ = {isa = PBXBuildFile; fileRef = 38F512CC2A85C51400389F6D /* Endpoint.swift */; };
		38F512CF2A85C5CA00389F6D /* URL+Extension.swift in Sources */ = {isa = PBXBuildFile; fileRef = 38F512CE2A85C5CA00389F6D /* URL+Extension.swift */; };
		38F512D12A85C77C00389F6D /* KakaoAPIManager.swift in Sources */ = {isa = PBXBuildFile; fileRef = 38F512D02A85C77C00389F6D /* KakaoAPIManager.swift */; };
		38F512D32A85E37300389F6D /* TranslateAPIManager.swift in Sources */ = {isa = PBXBuildFile; fileRef = 38F512D22A85E37300389F6D /* TranslateAPIManager.swift */; };
/* End PBXBuildFile section */

/* Begin PBXFileReference section */
		385A814F2A80968F00A8D72C /* SeSACWeek4.app */ = {isa = PBXFileReference; explicitFileType = wrapper.application; includeInIndex = 0; path = SeSACWeek4.app; sourceTree = BUILT_PRODUCTS_DIR; };
		385A81522A80968F00A8D72C /* AppDelegate.swift */ = {isa = PBXFileReference; lastKnownFileType = sourcecode.swift; path = AppDelegate.swift; sourceTree = "<group>"; };
		385A81542A80968F00A8D72C /* SceneDelegate.swift */ = {isa = PBXFileReference; lastKnownFileType = sourcecode.swift; path = SceneDelegate.swift; sourceTree = "<group>"; };
		385A81562A80968F00A8D72C /* ViewController.swift */ = {isa = PBXFileReference; lastKnownFileType = sourcecode.swift; path = ViewController.swift; sourceTree = "<group>"; };
		385A81592A80968F00A8D72C /* Base */ = {isa = PBXFileReference; lastKnownFileType = file.storyboard; name = Base; path = Base.lproj/Main.storyboard; sourceTree = "<group>"; };
		385A815B2A80969000A8D72C /* Assets.xcassets */ = {isa = PBXFileReference; lastKnownFileType = folder.assetcatalog; path = Assets.xcassets; sourceTree = "<group>"; };
		385A815E2A80969000A8D72C /* Base */ = {isa = PBXFileReference; lastKnownFileType = file.storyboard; name = Base; path = Base.lproj/LaunchScreen.storyboard; sourceTree = "<group>"; };
		385A81602A80969000A8D72C /* Info.plist */ = {isa = PBXFileReference; lastKnownFileType = text.plist.xml; path = Info.plist; sourceTree = "<group>"; };
		385A81722A809BAD00A8D72C /* .gitignore */ = {isa = PBXFileReference; lastKnownFileType = text; path = .gitignore; sourceTree = "<group>"; };
		385A81782A809C9000A8D72C /* APIKey.swift */ = {isa = PBXFileReference; lastKnownFileType = sourcecode.swift; path = APIKey.swift; sourceTree = "<group>"; };
		385A818A2A81C4C900A8D72C /* WeatherViewController.swift */ = {isa = PBXFileReference; lastKnownFileType = sourcecode.swift; path = WeatherViewController.swift; sourceTree = "<group>"; };
		385A818C2A81E79400A8D72C /* VideoViewController.swift */ = {isa = PBXFileReference; lastKnownFileType = sourcecode.swift; path = VideoViewController.swift; sourceTree = "<group>"; };
		38B800F12A84C14E0032C64C /* VideoTableViewCell.swift */ = {isa = PBXFileReference; lastKnownFileType = sourcecode.swift; path = VideoTableViewCell.swift; sourceTree = "<group>"; };
		38EAF3052A84768700A96C51 /* TranslationViewController.swift */ = {isa = PBXFileReference; lastKnownFileType = sourcecode.swift; path = TranslationViewController.swift; sourceTree = "<group>"; };
		38F512C82A85BAA600389F6D /* ReusableViewProtocol.swift */ = {isa = PBXFileReference; lastKnownFileType = sourcecode.swift; name = ReusableViewProtocol.swift; path = SeSACWeek4/ReusableViewProtocol.swift; sourceTree = SOURCE_ROOT; };
		38F512CA2A85BCFF00389F6D /* UserDefaultsHelper.swift */ = {isa = PBXFileReference; lastKnownFileType = sourcecode.swift; path = UserDefaultsHelper.swift; sourceTree = "<group>"; };
		38F512CC2A85C51400389F6D /* Endpoint.swift */ = {isa = PBXFileReference; lastKnownFileType = sourcecode.swift; path = Endpoint.swift; sourceTree = "<group>"; };
		38F512CE2A85C5CA00389F6D /* URL+Extension.swift */ = {isa = PBXFileReference; lastKnownFileType = sourcecode.swift; path = "URL+Extension.swift"; sourceTree = "<group>"; };
		38F512D02A85C77C00389F6D /* KakaoAPIManager.swift */ = {isa = PBXFileReference; lastKnownFileType = sourcecode.swift; path = KakaoAPIManager.swift; sourceTree = "<group>"; };
		38F512D22A85E37300389F6D /* TranslateAPIManager.swift */ = {isa = PBXFileReference; lastKnownFileType = sourcecode.swift; path = TranslateAPIManager.swift; sourceTree = "<group>"; };
/* End PBXFileReference section */

/* Begin PBXFrameworksBuildPhase section */
		385A814C2A80968F00A8D72C /* Frameworks */ = {
			isa = PBXFrameworksBuildPhase;
			buildActionMask = 2147483647;
			files = (
				385A816E2A8096C500A8D72C /* SwiftyJSON in Frameworks */,
				385A816B2A8096B900A8D72C /* Kingfisher in Frameworks */,
				385A81682A8096AE00A8D72C /* Alamofire in Frameworks */,
			);
			runOnlyForDeploymentPostprocessing = 0;
		};
/* End PBXFrameworksBuildPhase section */

/* Begin PBXGroup section */
		385A81462A80968F00A8D72C = {
			isa = PBXGroup;
			children = (
				385A81512A80968F00A8D72C /* SeSACWeek4 */,
				385A81502A80968F00A8D72C /* Products */,
			);
			sourceTree = "<group>";
		};
		385A81502A80968F00A8D72C /* Products */ = {
			isa = PBXGroup;
			children = (
				385A814F2A80968F00A8D72C /* SeSACWeek4.app */,
			);
			name = Products;
			sourceTree = "<group>";
		};
		385A81512A80968F00A8D72C /* SeSACWeek4 */ = {
			isa = PBXGroup;
			children = (
				385A81702A8096E000A8D72C /* Application */,
				385A816F2A8096DA00A8D72C /* View */,
				385A81712A8096E600A8D72C /* Storyboard */,
				385A815B2A80969000A8D72C /* Assets.xcassets */,
				385A81722A809BAD00A8D72C /* .gitignore */,
				385A81782A809C9000A8D72C /* APIKey.swift */,
				38F512C82A85BAA600389F6D /* ReusableViewProtocol.swift */,
				38F512CC2A85C51400389F6D /* Endpoint.swift */,
				38F512D02A85C77C00389F6D /* KakaoAPIManager.swift */,
				38F512CE2A85C5CA00389F6D /* URL+Extension.swift */,
				38F512CA2A85BCFF00389F6D /* UserDefaultsHelper.swift */,
				385A81602A80969000A8D72C /* Info.plist */,
				38F512D22A85E37300389F6D /* TranslateAPIManager.swift */,
			);
			path = SeSACWeek4;
			sourceTree = "<group>";
		};
		385A816F2A8096DA00A8D72C /* View */ = {
			isa = PBXGroup;
			children = (
				385A81562A80968F00A8D72C /* ViewController.swift */,
				38EAF3052A84768700A96C51 /* TranslationViewController.swift */,
				385A818A2A81C4C900A8D72C /* WeatherViewController.swift */,
				385A818C2A81E79400A8D72C /* VideoViewController.swift */,
				38B800F12A84C14E0032C64C /* VideoTableViewCell.swift */,
			);
			path = View;
			sourceTree = "<group>";
		};
		385A81702A8096E000A8D72C /* Application */ = {
			isa = PBXGroup;
			children = (
				385A81522A80968F00A8D72C /* AppDelegate.swift */,
				385A81542A80968F00A8D72C /* SceneDelegate.swift */,
			);
			path = Application;
			sourceTree = "<group>";
		};
		385A81712A8096E600A8D72C /* Storyboard */ = {
			isa = PBXGroup;
			children = (
				385A81582A80968F00A8D72C /* Main.storyboard */,
				385A815D2A80969000A8D72C /* LaunchScreen.storyboard */,
			);
			path = Storyboard;
			sourceTree = "<group>";
		};
/* End PBXGroup section */

/* Begin PBXNativeTarget section */
		385A814E2A80968F00A8D72C /* SeSACWeek4 */ = {
			isa = PBXNativeTarget;
			buildConfigurationList = 385A81632A80969000A8D72C /* Build configuration list for PBXNativeTarget "SeSACWeek4" */;
			buildPhases = (
				385A814B2A80968F00A8D72C /* Sources */,
				385A814C2A80968F00A8D72C /* Frameworks */,
				385A814D2A80968F00A8D72C /* Resources */,
			);
			buildRules = (
			);
			dependencies = (
			);
			name = SeSACWeek4;
			packageProductDependencies = (
				385A81672A8096AE00A8D72C /* Alamofire */,
				385A816A2A8096B900A8D72C /* Kingfisher */,
				385A816D2A8096C500A8D72C /* SwiftyJSON */,
			);
			productName = SeSACWeek4;
			productReference = 385A814F2A80968F00A8D72C /* SeSACWeek4.app */;
			productType = "com.apple.product-type.application";
		};
/* End PBXNativeTarget section */

/* Begin PBXProject section */
		385A81472A80968F00A8D72C /* Project object */ = {
			isa = PBXProject;
			attributes = {
				BuildIndependentTargetsInParallel = 1;
				LastSwiftUpdateCheck = 1430;
				LastUpgradeCheck = 1430;
				TargetAttributes = {
					385A814E2A80968F00A8D72C = {
						CreatedOnToolsVersion = 14.3.1;
					};
				};
			};
			buildConfigurationList = 385A814A2A80968F00A8D72C /* Build configuration list for PBXProject "SeSACWeek4" */;
			compatibilityVersion = "Xcode 14.0";
			developmentRegion = en;
			hasScannedForEncodings = 0;
			knownRegions = (
				en,
				Base,
			);
			mainGroup = 385A81462A80968F00A8D72C;
			packageReferences = (
				385A81662A8096AE00A8D72C /* XCRemoteSwiftPackageReference "Alamofire" */,
				385A81692A8096B900A8D72C /* XCRemoteSwiftPackageReference "Kingfisher" */,
				385A816C2A8096C500A8D72C /* XCRemoteSwiftPackageReference "SwiftyJSON" */,
			);
			productRefGroup = 385A81502A80968F00A8D72C /* Products */;
			projectDirPath = "";
			projectRoot = "";
			targets = (
				385A814E2A80968F00A8D72C /* SeSACWeek4 */,
			);
		};
/* End PBXProject section */

/* Begin PBXResourcesBuildPhase section */
		385A814D2A80968F00A8D72C /* Resources */ = {
			isa = PBXResourcesBuildPhase;
			buildActionMask = 2147483647;
			files = (
				385A81732A809BAD00A8D72C /* .gitignore in Resources */,
				385A815F2A80969000A8D72C /* LaunchScreen.storyboard in Resources */,
				385A815C2A80969000A8D72C /* Assets.xcassets in Resources */,
				385A815A2A80968F00A8D72C /* Main.storyboard in Resources */,
			);
			runOnlyForDeploymentPostprocessing = 0;
		};
/* End PBXResourcesBuildPhase section */

/* Begin PBXSourcesBuildPhase section */
		385A814B2A80968F00A8D72C /* Sources */ = {
			isa = PBXSourcesBuildPhase;
			buildActionMask = 2147483647;
			files = (
				38F512CB2A85BCFF00389F6D /* UserDefaultsHelper.swift in Sources */,
				38EAF3062A84768700A96C51 /* TranslationViewController.swift in Sources */,
				385A818D2A81E79400A8D72C /* VideoViewController.swift in Sources */,
				38F512C92A85BAA600389F6D /* ReusableViewProtocol.swift in Sources */,
				385A818B2A81C4C900A8D72C /* WeatherViewController.swift in Sources */,
				38F512D32A85E37300389F6D /* TranslateAPIManager.swift in Sources */,
				38F512D12A85C77C00389F6D /* KakaoAPIManager.swift in Sources */,
				38F512CF2A85C5CA00389F6D /* URL+Extension.swift in Sources */,
				385A81572A80968F00A8D72C /* ViewController.swift in Sources */,
				385A81532A80968F00A8D72C /* AppDelegate.swift in Sources */,
				38B800F22A84C14E0032C64C /* VideoTableViewCell.swift in Sources */,
				385A81552A80968F00A8D72C /* SceneDelegate.swift in Sources */,
				38F512CD2A85C51400389F6D /* Endpoint.swift in Sources */,
				385A81792A809C9000A8D72C /* APIKey.swift in Sources */,
			);
			runOnlyForDeploymentPostprocessing = 0;
		};
/* End PBXSourcesBuildPhase section */

/* Begin PBXVariantGroup section */
		385A81582A80968F00A8D72C /* Main.storyboard */ = {
			isa = PBXVariantGroup;
			children = (
				385A81592A80968F00A8D72C /* Base */,
			);
			name = Main.storyboard;
			sourceTree = "<group>";
		};
		385A815D2A80969000A8D72C /* LaunchScreen.storyboard */ = {
			isa = PBXVariantGroup;
			children = (
				385A815E2A80969000A8D72C /* Base */,
			);
			name = LaunchScreen.storyboard;
			sourceTree = "<group>";
		};
/* End PBXVariantGroup section */

/* Begin XCBuildConfiguration section */
		385A81612A80969000A8D72C /* Debug */ = {
			isa = XCBuildConfiguration;
			buildSettings = {
				ALWAYS_SEARCH_USER_PATHS = NO;
				CLANG_ANALYZER_NONNULL = YES;
				CLANG_ANALYZER_NUMBER_OBJECT_CONVERSION = YES_AGGRESSIVE;
				CLANG_CXX_LANGUAGE_STANDARD = "gnu++20";
				CLANG_ENABLE_MODULES = YES;
				CLANG_ENABLE_OBJC_ARC = YES;
				CLANG_ENABLE_OBJC_WEAK = YES;
				CLANG_WARN_BLOCK_CAPTURE_AUTORELEASING = YES;
				CLANG_WARN_BOOL_CONVERSION = YES;
				CLANG_WARN_COMMA = YES;
				CLANG_WARN_CONSTANT_CONVERSION = YES;
				CLANG_WARN_DEPRECATED_OBJC_IMPLEMENTATIONS = YES;
				CLANG_WARN_DIRECT_OBJC_ISA_USAGE = YES_ERROR;
				CLANG_WARN_DOCUMENTATION_COMMENTS = YES;
				CLANG_WARN_EMPTY_BODY = YES;
				CLANG_WARN_ENUM_CONVERSION = YES;
				CLANG_WARN_INFINITE_RECURSION = YES;
				CLANG_WARN_INT_CONVERSION = YES;
				CLANG_WARN_NON_LITERAL_NULL_CONVERSION = YES;
				CLANG_WARN_OBJC_IMPLICIT_RETAIN_SELF = YES;
				CLANG_WARN_OBJC_LITERAL_CONVERSION = YES;
				CLANG_WARN_OBJC_ROOT_CLASS = YES_ERROR;
				CLANG_WARN_QUOTED_INCLUDE_IN_FRAMEWORK_HEADER = YES;
				CLANG_WARN_RANGE_LOOP_ANALYSIS = YES;
				CLANG_WARN_STRICT_PROTOTYPES = YES;
				CLANG_WARN_SUSPICIOUS_MOVE = YES;
				CLANG_WARN_UNGUARDED_AVAILABILITY = YES_AGGRESSIVE;
				CLANG_WARN_UNREACHABLE_CODE = YES;
				CLANG_WARN__DUPLICATE_METHOD_MATCH = YES;
				COPY_PHASE_STRIP = NO;
				DEBUG_INFORMATION_FORMAT = dwarf;
				ENABLE_STRICT_OBJC_MSGSEND = YES;
				ENABLE_TESTABILITY = YES;
				GCC_C_LANGUAGE_STANDARD = gnu11;
				GCC_DYNAMIC_NO_PIC = NO;
				GCC_NO_COMMON_BLOCKS = YES;
				GCC_OPTIMIZATION_LEVEL = 0;
				GCC_PREPROCESSOR_DEFINITIONS = (
					"DEBUG=1",
					"$(inherited)",
				);
				GCC_WARN_64_TO_32_BIT_CONVERSION = YES;
				GCC_WARN_ABOUT_RETURN_TYPE = YES_ERROR;
				GCC_WARN_UNDECLARED_SELECTOR = YES;
				GCC_WARN_UNINITIALIZED_AUTOS = YES_AGGRESSIVE;
				GCC_WARN_UNUSED_FUNCTION = YES;
				GCC_WARN_UNUSED_VARIABLE = YES;
				IPHONEOS_DEPLOYMENT_TARGET = 16.4;
				MTL_ENABLE_DEBUG_INFO = INCLUDE_SOURCE;
				MTL_FAST_MATH = YES;
				ONLY_ACTIVE_ARCH = YES;
				SDKROOT = iphoneos;
				SWIFT_ACTIVE_COMPILATION_CONDITIONS = DEBUG;
				SWIFT_OPTIMIZATION_LEVEL = "-Onone";
			};
			name = Debug;
		};
		385A81622A80969000A8D72C /* Release */ = {
			isa = XCBuildConfiguration;
			buildSettings = {
				ALWAYS_SEARCH_USER_PATHS = NO;
				CLANG_ANALYZER_NONNULL = YES;
				CLANG_ANALYZER_NUMBER_OBJECT_CONVERSION = YES_AGGRESSIVE;
				CLANG_CXX_LANGUAGE_STANDARD = "gnu++20";
				CLANG_ENABLE_MODULES = YES;
				CLANG_ENABLE_OBJC_ARC = YES;
				CLANG_ENABLE_OBJC_WEAK = YES;
				CLANG_WARN_BLOCK_CAPTURE_AUTORELEASING = YES;
				CLANG_WARN_BOOL_CONVERSION = YES;
				CLANG_WARN_COMMA = YES;
				CLANG_WARN_CONSTANT_CONVERSION = YES;
				CLANG_WARN_DEPRECATED_OBJC_IMPLEMENTATIONS = YES;
				CLANG_WARN_DIRECT_OBJC_ISA_USAGE = YES_ERROR;
				CLANG_WARN_DOCUMENTATION_COMMENTS = YES;
				CLANG_WARN_EMPTY_BODY = YES;
				CLANG_WARN_ENUM_CONVERSION = YES;
				CLANG_WARN_INFINITE_RECURSION = YES;
				CLANG_WARN_INT_CONVERSION = YES;
				CLANG_WARN_NON_LITERAL_NULL_CONVERSION = YES;
				CLANG_WARN_OBJC_IMPLICIT_RETAIN_SELF = YES;
				CLANG_WARN_OBJC_LITERAL_CONVERSION = YES;
				CLANG_WARN_OBJC_ROOT_CLASS = YES_ERROR;
				CLANG_WARN_QUOTED_INCLUDE_IN_FRAMEWORK_HEADER = YES;
				CLANG_WARN_RANGE_LOOP_ANALYSIS = YES;
				CLANG_WARN_STRICT_PROTOTYPES = YES;
				CLANG_WARN_SUSPICIOUS_MOVE = YES;
				CLANG_WARN_UNGUARDED_AVAILABILITY = YES_AGGRESSIVE;
				CLANG_WARN_UNREACHABLE_CODE = YES;
				CLANG_WARN__DUPLICATE_METHOD_MATCH = YES;
				COPY_PHASE_STRIP = NO;
				DEBUG_INFORMATION_FORMAT = "dwarf-with-dsym";
				ENABLE_NS_ASSERTIONS = NO;
				ENABLE_STRICT_OBJC_MSGSEND = YES;
				GCC_C_LANGUAGE_STANDARD = gnu11;
				GCC_NO_COMMON_BLOCKS = YES;
				GCC_WARN_64_TO_32_BIT_CONVERSION = YES;
				GCC_WARN_ABOUT_RETURN_TYPE = YES_ERROR;
				GCC_WARN_UNDECLARED_SELECTOR = YES;
				GCC_WARN_UNINITIALIZED_AUTOS = YES_AGGRESSIVE;
				GCC_WARN_UNUSED_FUNCTION = YES;
				GCC_WARN_UNUSED_VARIABLE = YES;
				IPHONEOS_DEPLOYMENT_TARGET = 16.4;
				MTL_ENABLE_DEBUG_INFO = NO;
				MTL_FAST_MATH = YES;
				SDKROOT = iphoneos;
				SWIFT_COMPILATION_MODE = wholemodule;
				SWIFT_OPTIMIZATION_LEVEL = "-O";
				VALIDATE_PRODUCT = YES;
			};
			name = Release;
		};
		385A81642A80969000A8D72C /* Debug */ = {
			isa = XCBuildConfiguration;
			buildSettings = {
				ASSETCATALOG_COMPILER_APPICON_NAME = AppIcon;
				ASSETCATALOG_COMPILER_GLOBAL_ACCENT_COLOR_NAME = AccentColor;
				CODE_SIGN_STYLE = Automatic;
				CURRENT_PROJECT_VERSION = 1;
				DEVELOPMENT_TEAM = 3UNP2C529F;
				GENERATE_INFOPLIST_FILE = YES;
				INFOPLIST_FILE = SeSACWeek4/Info.plist;
				INFOPLIST_KEY_UIApplicationSupportsIndirectInputEvents = YES;
				INFOPLIST_KEY_UILaunchStoryboardName = LaunchScreen;
				INFOPLIST_KEY_UIMainStoryboardFile = Main;
				INFOPLIST_KEY_UISupportedInterfaceOrientations = UIInterfaceOrientationPortrait;
				INFOPLIST_KEY_UISupportedInterfaceOrientations_iPad = "UIInterfaceOrientationLandscapeLeft UIInterfaceOrientationLandscapeRight UIInterfaceOrientationPortrait UIInterfaceOrientationPortraitUpsideDown";
				LD_RUNPATH_SEARCH_PATHS = (
					"$(inherited)",
					"@executable_path/Frameworks",
				);
				MARKETING_VERSION = 1.0;
				PRODUCT_BUNDLE_IDENTIFIER = com.andyarchive.SeSACWeek4;
				PRODUCT_NAME = "$(TARGET_NAME)";
				SUPPORTED_PLATFORMS = "iphoneos iphonesimulator";
				SUPPORTS_MACCATALYST = NO;
				SUPPORTS_MAC_DESIGNED_FOR_IPHONE_IPAD = NO;
				SWIFT_EMIT_LOC_STRINGS = YES;
				SWIFT_VERSION = 5.0;
				TARGETED_DEVICE_FAMILY = 1;
			};
			name = Debug;
		};
		385A81652A80969000A8D72C /* Release */ = {
			isa = XCBuildConfiguration;
			buildSettings = {
				ASSETCATALOG_COMPILER_APPICON_NAME = AppIcon;
				ASSETCATALOG_COMPILER_GLOBAL_ACCENT_COLOR_NAME = AccentColor;
				CODE_SIGN_STYLE = Automatic;
				CURRENT_PROJECT_VERSION = 1;
				DEVELOPMENT_TEAM = 3UNP2C529F;
				GENERATE_INFOPLIST_FILE = YES;
				INFOPLIST_FILE = SeSACWeek4/Info.plist;
				INFOPLIST_KEY_UIApplicationSupportsIndirectInputEvents = YES;
				INFOPLIST_KEY_UILaunchStoryboardName = LaunchScreen;
				INFOPLIST_KEY_UIMainStoryboardFile = Main;
				INFOPLIST_KEY_UISupportedInterfaceOrientations = UIInterfaceOrientationPortrait;
				INFOPLIST_KEY_UISupportedInterfaceOrientations_iPad = "UIInterfaceOrientationLandscapeLeft UIInterfaceOrientationLandscapeRight UIInterfaceOrientationPortrait UIInterfaceOrientationPortraitUpsideDown";
				LD_RUNPATH_SEARCH_PATHS = (
					"$(inherited)",
					"@executable_path/Frameworks",
				);
				MARKETING_VERSION = 1.0;
				PRODUCT_BUNDLE_IDENTIFIER = com.andyarchive.SeSACWeek4;
				PRODUCT_NAME = "$(TARGET_NAME)";
				SUPPORTED_PLATFORMS = "iphoneos iphonesimulator";
				SUPPORTS_MACCATALYST = NO;
				SUPPORTS_MAC_DESIGNED_FOR_IPHONE_IPAD = NO;
				SWIFT_EMIT_LOC_STRINGS = YES;
				SWIFT_VERSION = 5.0;
				TARGETED_DEVICE_FAMILY = 1;
			};
			name = Release;
		};
/* End XCBuildConfiguration section */

/* Begin XCConfigurationList section */
		385A814A2A80968F00A8D72C /* Build configuration list for PBXProject "SeSACWeek4" */ = {
			isa = XCConfigurationList;
			buildConfigurations = (
				385A81612A80969000A8D72C /* Debug */,
				385A81622A80969000A8D72C /* Release */,
			);
			defaultConfigurationIsVisible = 0;
			defaultConfigurationName = Release;
		};
		385A81632A80969000A8D72C /* Build configuration list for PBXNativeTarget "SeSACWeek4" */ = {
			isa = XCConfigurationList;
			buildConfigurations = (
				385A81642A80969000A8D72C /* Debug */,
				385A81652A80969000A8D72C /* Release */,
			);
			defaultConfigurationIsVisible = 0;
			defaultConfigurationName = Release;
		};
/* End XCConfigurationList section */

/* Begin XCRemoteSwiftPackageReference section */
		385A81662A8096AE00A8D72C /* XCRemoteSwiftPackageReference "Alamofire" */ = {
			isa = XCRemoteSwiftPackageReference;
			repositoryURL = "https://github.com/Alamofire/Alamofire";
			requirement = {
				kind = upToNextMajorVersion;
				minimumVersion = 5.0.0;
			};
		};
		385A81692A8096B900A8D72C /* XCRemoteSwiftPackageReference "Kingfisher" */ = {
			isa = XCRemoteSwiftPackageReference;
			repositoryURL = "https://github.com/onevcat/Kingfisher";
			requirement = {
				kind = upToNextMajorVersion;
				minimumVersion = 7.0.0;
			};
		};
		385A816C2A8096C500A8D72C /* XCRemoteSwiftPackageReference "SwiftyJSON" */ = {
			isa = XCRemoteSwiftPackageReference;
			repositoryURL = "https://github.com/SwiftyJSON/SwiftyJSON";
			requirement = {
				kind = upToNextMajorVersion;
				minimumVersion = 5.0.0;
			};
		};
/* End XCRemoteSwiftPackageReference section */

/* Begin XCSwiftPackageProductDependency section */
		385A81672A8096AE00A8D72C /* Alamofire */ = {
			isa = XCSwiftPackageProductDependency;
			package = 385A81662A8096AE00A8D72C /* XCRemoteSwiftPackageReference "Alamofire" */;
			productName = Alamofire;
		};
		385A816A2A8096B900A8D72C /* Kingfisher */ = {
			isa = XCSwiftPackageProductDependency;
			package = 385A81692A8096B900A8D72C /* XCRemoteSwiftPackageReference "Kingfisher" */;
			productName = Kingfisher;
		};
		385A816D2A8096C500A8D72C /* SwiftyJSON */ = {
			isa = XCSwiftPackageProductDependency;
			package = 385A816C2A8096C500A8D72C /* XCRemoteSwiftPackageReference "SwiftyJSON" */;
			productName = SwiftyJSON;
		};
/* End XCSwiftPackageProductDependency section */
	};
	rootObject = 385A81472A80968F00A8D72C /* Project object */;
}
